{
  "name": "solution",
  "version": "1.0.0",
  "lockfileVersion": 3,
  "requires": true,
  "packages": {
    "": {
      "name": "solution",
      "version": "1.0.0",
      "license": "MIT",
      "dependencies": {
        "h3": "^2.0.0-beta.5"
      }
    },
    "node_modules/cookie-es": {
      "version": "2.0.0",
      "resolved": "https://registry.npmjs.org/cookie-es/-/cookie-es-2.0.0.tgz",
      "integrity": "sha512-RAj4E421UYRgqokKUmotqAwuplYw15qtdXfY+hGzgCJ/MBjCVZcSoHK/kH9kocfjRjcDME7IiDWR/1WX1TM2Pg==",
      "license": "MIT"
    },
    "node_modules/fetchdts": {
      "version": "0.1.7",
      "resolved": "https://registry.npmjs.org/fetchdts/-/fetchdts-0.1.7.tgz",
      "integrity": "sha512-YoZjBdafyLIop9lSxXVI33oLD5kN31q4Td+CasofLLYeLXRFeOsuOw0Uo+XNRi9PZlbfdlN2GmRtm4tCEQ9/KA==",
      "license": "MIT"
    },
    "node_modules/h3": {
      "version": "2.0.0-beta.5",
      "resolved": "https://registry.npmjs.org/h3/-/h3-2.0.0-beta.5.tgz",
      "integrity": "sha512-ApIkLH+nTxzCC0Nq/GN1v6jkvu2eOLfdTnTs6ghiuG1EYHWJBDLzhk5tn7SZMEUNsLUjG4qfmqzBx2LG9I7Q/w==",
      "license": "MIT",
      "dependencies": {
        "cookie-es": "^2.0.0",
        "fetchdts": "^0.1.7",
        "rou3": "^0.7.7",
        "srvx": "^0.8.9"
      },
      "engines": {
        "node": ">=20.11.1"
      },
      "peerDependencies": {
        "crossws": "^0.4.1"
      },
      "peerDependenciesMeta": {
        "crossws": {
          "optional": true
        }
      }
    },
    "node_modules/rou3": {
      "version": "0.7.7",
      "resolved": "https://registry.npmjs.org/rou3/-/rou3-0.7.7.tgz",
      "integrity": "sha512-z+6o7c3DarUbuBMLIdhzj2CqJLtUWrGk4fZlf07dIMitX3UpBXeInJ3lMD9huxj9yh9eo1RqtXf9aL0YzkDDUA==",
      "license": "MIT"
    },
    "node_modules/srvx": {
      "version": "0.8.16",
      "resolved": "https://registry.npmjs.org/srvx/-/srvx-0.8.16.tgz",
      "integrity": "sha512-hmcGW4CgroeSmzgF1Ihwgl+Ths0JqAJ7HwjP2X7e3JzY7u4IydLMcdnlqGQiQGUswz+PO9oh/KtCpOISIvs9QQ==",
      "license": "MIT",
      "bin": {
        "srvx": "bin/srvx.mjs"
      },
      "engines": {
        "node": ">=20.16.0"
      }
    }
  }
}
